
Microsoft Visual Studio Solution File, Format Version 12.00
# Visual Studio Version 17
VisualStudioVersion = 17.14.36915.13 d17.14
MinimumVisualStudioVersion = 10.0.40219.1
Project("{FAE04EC0-301F-11D3-BF4B-00C04F79EFBC}") = "SQLiteCs", "SQLiteCs\SQLiteCs.csproj", "{AA02DF68-902E-4F2D-9B39-56A1552E004A}"
EndProject
Global
	GlobalSection(SolutionConfigurationPlatforms) = preSolution
		Debug|Any CPU = Debug|Any CPU
		Release|Any CPU = Release|Any CPU
	EndGlobalSection
	GlobalSection(ProjectConfigurationPlatforms) = postSolution
		{AA02DF68-902E-4F2D-9B39-56A1552E004A}.Debug|Any CPU.ActiveCfg = Debug|Any CPU
		{AA02DF68-902E-4F2D-9B39-56A1552E004A}.Debug|Any CPU.Build.0 = Debug|Any CPU
		{AA02DF68-902E-4F2D-9B39-56A1552E004A}.Release|Any CPU.ActiveCfg = Release|Any CPU
		{AA02DF68-902E-4F2D-9B39-56A1552E004A}.Release|Any CPU.Build.0 = Release|Any CPU
	EndGlobalSection
	GlobalSection(SolutionProperties) = preSolution
		HideSolutionNode = FALSE
	EndGlobalSection
	GlobalSection(ExtensibilityGlobals) = postSolution
		SolutionGuid = {D146D96A-76B8-469F-A9CF-AFA3B74C8F68}
	EndGlobalSection
EndGlobal
